
Microsoft Visual Studio Solution File, Format Version 12.00
# Visual Studio 15
VisualStudioVersion = 15.0.28307.539
MinimumVisualStudioVersion = 10.0.40219.1
Project("{FAE04EC0-301F-11D3-BF4B-00C04F79EFBC}") = "WingtipToys", "WingtipToys\WingtipToys.csproj", "{75DD9DA8-CAFD-4FD4-8E50-6F024042974D}"
EndProject
Global
	GlobalSection(SolutionConfigurationPlatforms) = preSolution
		Debug|Any CPU = Debug|Any CPU
		Release|Any CPU = Release|Any CPU
	EndGlobalSection
	GlobalSection(ProjectConfigurationPlatforms) = postSolution
		{75DD9DA8-CAFD-4FD4-8E50-6F024042974D}.Debug|Any CPU.ActiveCfg = Debug|Any CPU
		{75DD9DA8-CAFD-4FD4-8E50-6F024042974D}.Debug|Any CPU.Build.0 = Debug|Any CPU
		{75DD9DA8-CAFD-4FD4-8E50-6F024042974D}.Release|Any CPU.ActiveCfg = Release|Any CPU
		{75DD9DA8-CAFD-4FD4-8E50-6F024042974D}.Release|Any CPU.Build.0 = Release|Any CPU
	EndGlobalSection
	GlobalSection(SolutionProperties) = preSolution
		HideSolutionNode = FALSE
	EndGlobalSection
	GlobalSection(ExtensibilityGlobals) = postSolution
		SolutionGuid = {DBDC95F4-B940-4B19-8AA5-C9024A82C7FE}
	EndGlobalSection
EndGlobal
